
Microsoft Visual Studio Solution File, Format Version 12.00
# Visual Studio 15
VisualStudioVersion = 15.0.27004.2005
MinimumVisualStudioVersion = 10.0.40219.1
Project("{FAE04EC0-301F-11D3-BF4B-00C04F79EFBC}") = "Minesweeper", "Minesweeper\Minesweeper.csproj", "{9444A8CB-3A6B-4576-90FD-2D52775AC116}"
EndProject
Global
	GlobalSection(SolutionConfigurationPlatforms) = preSolution
		Debug|Any CPU = Debug|Any CPU
		Release|Any CPU = Release|Any CPU
	EndGlobalSection
	GlobalSection(ProjectConfigurationPlatforms) = postSolution
		{9444A8CB-3A6B-4576-90FD-2D52775AC116}.Debug|Any CPU.ActiveCfg = Debug|Any CPU
		{9444A8CB-3A6B-4576-90FD-2D52775AC116}.Debug|Any CPU.Build.0 = Debug|Any CPU
		{9444A8CB-3A6B-4576-90FD-2D52775AC116}.Release|Any CPU.ActiveCfg = Release|Any CPU
		{9444A8CB-3A6B-4576-90FD-2D52775AC116}.Release|Any CPU.Build.0 = Release|Any CPU
	EndGlobalSection
	GlobalSection(SolutionProperties) = preSolution
		HideSolutionNode = FALSE
	EndGlobalSection
	GlobalSection(ExtensibilityGlobals) = postSolution
		SolutionGuid = {7D9917D1-610B-4690-9DEB-F4A3DD8535E9}
	EndGlobalSection
EndGlobal
